
Microsoft Visual Studio Solution File, Format Version 10.00
# Visual Studio 2008
Project("{8BC9CEB8-8B4A-11D0-8D11-00A0C91BC942}") = "CPPToNet", "CPPToNet\CPPToNet.vcproj", "{9F1060BC-1AD7-4E25-ACDE-F51B06B0351A}"
EndProject
Project("{8BC9CEB8-8B4A-11D0-8D11-00A0C91BC942}") = "CPPToNetTesting", "CPPToNetTesting\CPPToNetTesting.vcproj", "{33185E22-EB5D-4988-8045-0CEB00053423}"
	ProjectSection(ProjectDependencies) = postProject
		{9F1060BC-1AD7-4E25-ACDE-F51B06B0351A} = {9F1060BC-1AD7-4E25-ACDE-F51B06B0351A}
	EndProjectSection
EndProject
Global
	GlobalSection(SolutionConfigurationPlatforms) = preSolution
		Debug|Win32 = Debug|Win32
		Debug|x64 = Debug|x64
		Release|Win32 = Release|Win32
		Release|x64 = Release|x64
	EndGlobalSection
	GlobalSection(ProjectConfigurationPlatforms) = postSolution
		{9F1060BC-1AD7-4E25-ACDE-F51B06B0351A}.Debug|Win32.ActiveCfg = Debug|Win32
		{9F1060BC-1AD7-4E25-ACDE-F51B06B0351A}.Debug|Win32.Build.0 = Debug|Win32
		{9F1060BC-1AD7-4E25-ACDE-F51B06B0351A}.Debug|x64.ActiveCfg = Debug|x64
		{9F1060BC-1AD7-4E25-ACDE-F51B06B0351A}.Debug|x64.Build.0 = Debug|x64
		{9F1060BC-1AD7-4E25-ACDE-F51B06B0351A}.Release|Win32.ActiveCfg = Release|Win32
		{9F1060BC-1AD7-4E25-ACDE-F51B06B0351A}.Release|Win32.Build.0 = Release|Win32
		{9F1060BC-1AD7-4E25-ACDE-F51B06B0351A}.Release|x64.ActiveCfg = Release|x64
		{9F1060BC-1AD7-4E25-ACDE-F51B06B0351A}.Release|x64.Build.0 = Release|x64
		{33185E22-EB5D-4988-8045-0CEB00053423}.Debug|Win32.ActiveCfg = Debug|Win32
		{33185E22-EB5D-4988-8045-0CEB00053423}.Debug|Win32.Build.0 = Debug|Win32
		{33185E22-EB5D-4988-8045-0CEB00053423}.Debug|x64.ActiveCfg = Debug|x64
		{33185E22-EB5D-4988-8045-0CEB00053423}.Debug|x64.Build.0 = Debug|x64
		{33185E22-EB5D-4988-8045-0CEB00053423}.Release|Win32.ActiveCfg = Release|Win32
		{33185E22-EB5D-4988-8045-0CEB00053423}.Release|Win32.Build.0 = Release|Win32
		{33185E22-EB5D-4988-8045-0CEB00053423}.Release|x64.ActiveCfg = Release|x64
		{33185E22-EB5D-4988-8045-0CEB00053423}.Release|x64.Build.0 = Release|x64
	EndGlobalSection
	GlobalSection(SolutionProperties) = preSolution
		HideSolutionNode = FALSE
	EndGlobalSection
EndGlobal
